
Microsoft Visual Studio Solution File, Format Version 12.00
# Visual Studio Version 16
VisualStudioVersion = 16.0.31402.337
MinimumVisualStudioVersion = 10.0.40219.1
Project("{FAE04EC0-301F-11D3-BF4B-00C04F79EFBC}") = "PRESENTATION_LAYER", "PRESENTATION_LAYER\PRESENTATION_LAYER.csproj", "{BD12A221-467D-4223-944F-0E7D18258D73}"
EndProject
Project("{FAE04EC0-301F-11D3-BF4B-00C04F79EFBC}") = "BLL", "BLL\BLL.csproj", "{272264C9-2FF0-4A81-AFB1-5676D7B1C10D}"
EndProject
Project("{FAE04EC0-301F-11D3-BF4B-00C04F79EFBC}") = "DAL", "DAL\DAL.csproj", "{8A834D50-A618-4DD4-A302-824789D16AA9}"
EndProject
Project("{FAE04EC0-301F-11D3-BF4B-00C04F79EFBC}") = "DATASET", "DATASET\DATASET.csproj", "{1ABD5925-B2BC-4551-B1A7-7FFD14B17EFB}"
EndProject
Project("{FAE04EC0-301F-11D3-BF4B-00C04F79EFBC}") = "GEN", "GEN\GEN.csproj", "{97428DC3-55D3-47ED-ACB1-7CBEC67F0316}"
EndProject
Global
	GlobalSection(SolutionConfigurationPlatforms) = preSolution
		Debug|Any CPU = Debug|Any CPU
		Debug|x64 = Debug|x64
		Debug|x86 = Debug|x86
		Release|Any CPU = Release|Any CPU
		Release|x64 = Release|x64
		Release|x86 = Release|x86
	EndGlobalSection
	GlobalSection(ProjectConfigurationPlatforms) = postSolution
		{BD12A221-467D-4223-944F-0E7D18258D73}.Debug|Any CPU.ActiveCfg = Debug|Any CPU
		{BD12A221-467D-4223-944F-0E7D18258D73}.Debug|Any CPU.Build.0 = Debug|Any CPU
		{BD12A221-467D-4223-944F-0E7D18258D73}.Debug|x64.ActiveCfg = Debug|x64
		{BD12A221-467D-4223-944F-0E7D18258D73}.Debug|x64.Build.0 = Debug|x64
		{BD12A221-467D-4223-944F-0E7D18258D73}.Debug|x86.ActiveCfg = Debug|Any CPU
		{BD12A221-467D-4223-944F-0E7D18258D73}.Release|Any CPU.ActiveCfg = Release|Any CPU
		{BD12A221-467D-4223-944F-0E7D18258D73}.Release|Any CPU.Build.0 = Release|Any CPU
		{BD12A221-467D-4223-944F-0E7D18258D73}.Release|x64.ActiveCfg = Release|x64
		{BD12A221-467D-4223-944F-0E7D18258D73}.Release|x64.Build.0 = Release|x64
		{BD12A221-467D-4223-944F-0E7D18258D73}.Release|x86.ActiveCfg = Release|x64
		{272264C9-2FF0-4A81-AFB1-5676D7B1C10D}.Debug|Any CPU.ActiveCfg = Debug|Any CPU
		{272264C9-2FF0-4A81-AFB1-5676D7B1C10D}.Debug|Any CPU.Build.0 = Debug|Any CPU
		{272264C9-2FF0-4A81-AFB1-5676D7B1C10D}.Debug|x64.ActiveCfg = Debug|Any CPU
		{272264C9-2FF0-4A81-AFB1-5676D7B1C10D}.Debug|x86.ActiveCfg = Debug|Any CPU
		{272264C9-2FF0-4A81-AFB1-5676D7B1C10D}.Release|Any CPU.ActiveCfg = Release|Any CPU
		{272264C9-2FF0-4A81-AFB1-5676D7B1C10D}.Release|Any CPU.Build.0 = Release|Any CPU
		{272264C9-2FF0-4A81-AFB1-5676D7B1C10D}.Release|x64.ActiveCfg = Release|Any CPU
		{272264C9-2FF0-4A81-AFB1-5676D7B1C10D}.Release|x86.ActiveCfg = Release|Any CPU
		{8A834D50-A618-4DD4-A302-824789D16AA9}.Debug|Any CPU.ActiveCfg = Debug|Any CPU
		{8A834D50-A618-4DD4-A302-824789D16AA9}.Debug|Any CPU.Build.0 = Debug|Any CPU
		{8A834D50-A618-4DD4-A302-824789D16AA9}.Debug|x64.ActiveCfg = Debug|Any CPU
		{8A834D50-A618-4DD4-A302-824789D16AA9}.Debug|x86.ActiveCfg = Debug|Any CPU
		{8A834D50-A618-4DD4-A302-824789D16AA9}.Release|Any CPU.ActiveCfg = Release|Any CPU
		{8A834D50-A618-4DD4-A302-824789D16AA9}.Release|Any CPU.Build.0 = Release|Any CPU
		{8A834D50-A618-4DD4-A302-824789D16AA9}.Release|x64.ActiveCfg = Release|Any CPU
		{8A834D50-A618-4DD4-A302-824789D16AA9}.Release|x86.ActiveCfg = Release|Any CPU
		{1ABD5925-B2BC-4551-B1A7-7FFD14B17EFB}.Debug|Any CPU.ActiveCfg = Debug|Any CPU
		{1ABD5925-B2BC-4551-B1A7-7FFD14B17EFB}.Debug|Any CPU.Build.0 = Debug|Any CPU
		{1ABD5925-B2BC-4551-B1A7-7FFD14B17EFB}.Debug|x64.ActiveCfg = Debug|Any CPU
		{1ABD5925-B2BC-4551-B1A7-7FFD14B17EFB}.Debug|x86.ActiveCfg = Debug|Any CPU
		{1ABD5925-B2BC-4551-B1A7-7FFD14B17EFB}.Release|Any CPU.ActiveCfg = Release|Any CPU
		{1ABD5925-B2BC-4551-B1A7-7FFD14B17EFB}.Release|Any CPU.Build.0 = Release|Any CPU
		{1ABD5925-B2BC-4551-B1A7-7FFD14B17EFB}.Release|x64.ActiveCfg = Release|Any CPU
		{1ABD5925-B2BC-4551-B1A7-7FFD14B17EFB}.Release|x86.ActiveCfg = Release|Any CPU
		{97428DC3-55D3-47ED-ACB1-7CBEC67F0316}.Debug|Any CPU.ActiveCfg = Debug|Any CPU
		{97428DC3-55D3-47ED-ACB1-7CBEC67F0316}.Debug|Any CPU.Build.0 = Debug|Any CPU
		{97428DC3-55D3-47ED-ACB1-7CBEC67F0316}.Debug|x64.ActiveCfg = Debug|Any CPU
		{97428DC3-55D3-47ED-ACB1-7CBEC67F0316}.Debug|x86.ActiveCfg = Debug|x86
		{97428DC3-55D3-47ED-ACB1-7CBEC67F0316}.Debug|x86.Build.0 = Debug|x86
		{97428DC3-55D3-47ED-ACB1-7CBEC67F0316}.Release|Any CPU.ActiveCfg = Release|Any CPU
		{97428DC3-55D3-47ED-ACB1-7CBEC67F0316}.Release|Any CPU.Build.0 = Release|Any CPU
		{97428DC3-55D3-47ED-ACB1-7CBEC67F0316}.Release|x64.ActiveCfg = Release|x86
		{97428DC3-55D3-47ED-ACB1-7CBEC67F0316}.Release|x86.ActiveCfg = Release|x86
		{97428DC3-55D3-47ED-ACB1-7CBEC67F0316}.Release|x86.Build.0 = Release|x86
	EndGlobalSection
	GlobalSection(SolutionProperties) = preSolution
		HideSolutionNode = FALSE
	EndGlobalSection
	GlobalSection(ExtensibilityGlobals) = postSolution
		SolutionGuid = {7932511E-501B-4CE5-8017-11F4434FC42F}
	EndGlobalSection
EndGlobal
